
Microsoft Visual Studio Solution File, Format Version 12.00
Project("{FAE04EC0-301F-11D3-BF4B-00C04F79EFBC}") = "MathHelper.Api", "MathHelper.Api\MathHelper.Api.csproj", "{4A2B5274-0446-4779-926F-243BA24CA239}"
EndProject
Project("{FAE04EC0-301F-11D3-BF4B-00C04F79EFBC}") = "MathHelper.Host", "MathHelper.Host\MathHelper.Host.csproj", "{140B4804-E5CF-4E1C-870D-B0031B934B42}"
EndProject
Project("{2150E333-8FDC-42A3-9474-1A3956D46DE8}") = "Main", "Main", "{BA78E860-1891-4AF4-8518-081AE75F3F3F}"
EndProject
Project("{2150E333-8FDC-42A3-9474-1A3956D46DE8}") = "Log", "Log", "{903CF90F-BA9F-4610-8638-EC6E06125C24}"
EndProject
Project("{FAE04EC0-301F-11D3-BF4B-00C04F79EFBC}") = "Logger.Host", "Logger.Host\Logger.Host.csproj", "{CA20D5D6-C8BA-43EC-BF95-0864FD39C3E4}"
EndProject
Project("{FAE04EC0-301F-11D3-BF4B-00C04F79EFBC}") = "Logger.Api", "Logger.Api\Logger.Api.csproj", "{87B0EBF9-9BE5-48B5-8D48-94C1C9A02894}"
EndProject
Global
	GlobalSection(SolutionConfigurationPlatforms) = preSolution
		Debug|Any CPU = Debug|Any CPU
		Release|Any CPU = Release|Any CPU
	EndGlobalSection
	GlobalSection(ProjectConfigurationPlatforms) = postSolution
		{4A2B5274-0446-4779-926F-243BA24CA239}.Debug|Any CPU.ActiveCfg = Debug|Any CPU
		{4A2B5274-0446-4779-926F-243BA24CA239}.Debug|Any CPU.Build.0 = Debug|Any CPU
		{4A2B5274-0446-4779-926F-243BA24CA239}.Release|Any CPU.ActiveCfg = Release|Any CPU
		{4A2B5274-0446-4779-926F-243BA24CA239}.Release|Any CPU.Build.0 = Release|Any CPU
		{140B4804-E5CF-4E1C-870D-B0031B934B42}.Debug|Any CPU.ActiveCfg = Debug|Any CPU
		{140B4804-E5CF-4E1C-870D-B0031B934B42}.Debug|Any CPU.Build.0 = Debug|Any CPU
		{140B4804-E5CF-4E1C-870D-B0031B934B42}.Release|Any CPU.ActiveCfg = Release|Any CPU
		{140B4804-E5CF-4E1C-870D-B0031B934B42}.Release|Any CPU.Build.0 = Release|Any CPU
		{CA20D5D6-C8BA-43EC-BF95-0864FD39C3E4}.Debug|Any CPU.ActiveCfg = Debug|Any CPU
		{CA20D5D6-C8BA-43EC-BF95-0864FD39C3E4}.Debug|Any CPU.Build.0 = Debug|Any CPU
		{CA20D5D6-C8BA-43EC-BF95-0864FD39C3E4}.Release|Any CPU.ActiveCfg = Release|Any CPU
		{CA20D5D6-C8BA-43EC-BF95-0864FD39C3E4}.Release|Any CPU.Build.0 = Release|Any CPU
		{87B0EBF9-9BE5-48B5-8D48-94C1C9A02894}.Debug|Any CPU.ActiveCfg = Debug|Any CPU
		{87B0EBF9-9BE5-48B5-8D48-94C1C9A02894}.Debug|Any CPU.Build.0 = Debug|Any CPU
		{87B0EBF9-9BE5-48B5-8D48-94C1C9A02894}.Release|Any CPU.ActiveCfg = Release|Any CPU
		{87B0EBF9-9BE5-48B5-8D48-94C1C9A02894}.Release|Any CPU.Build.0 = Release|Any CPU
	EndGlobalSection
	GlobalSection(NestedProjects) = preSolution
		{4A2B5274-0446-4779-926F-243BA24CA239} = {BA78E860-1891-4AF4-8518-081AE75F3F3F}
		{140B4804-E5CF-4E1C-870D-B0031B934B42} = {BA78E860-1891-4AF4-8518-081AE75F3F3F}
		{CA20D5D6-C8BA-43EC-BF95-0864FD39C3E4} = {903CF90F-BA9F-4610-8638-EC6E06125C24}
		{87B0EBF9-9BE5-48B5-8D48-94C1C9A02894} = {903CF90F-BA9F-4610-8638-EC6E06125C24}
	EndGlobalSection
EndGlobal
